# THIS IS AN AUTOGENERATED FILE. DO NOT EDIT THIS FILE DIRECTLY.
# yarn lockfile v1


"@zxing/browser@^0.1.4":
  version "0.1.4"
  resolved "https://registry.yarnpkg.com/@zxing/browser/-/browser-0.1.4.tgz#8cfd4c58a45cca1e3fbf26122d3e2b3f4e867034"
  integrity sha512-WYjaav7St4sj/u/Km2llE4NU2Pq3JFIWnczr0tmyCC1KUlp08rV3qpu7iiEB4kOx/CgcCzrSebNnSmFt5B3IFg==
  optionalDependencies:
    "@zxing/text-encoding" "^0.9.0"

"@zxing/library@^0.20.0":
  version "0.20.0"
  resolved "https://registry.yarnpkg.com/@zxing/library/-/library-0.20.0.tgz#11bc411b87693015389555c589da61532879be7b"
  integrity sha512-6Ev6rcqVjMakZFIDvbUf0dtpPGeZMTfyxYg4HkVWioWeN7cRcnUWT3bU6sdohc82O1nPXcjq6WiGfXX2Pnit6A==
  dependencies:
    ts-custom-error "^3.2.1"
  optionalDependencies:
    "@zxing/text-encoding" "~0.9.0"

"@zxing/text-encoding@^0.9.0", "@zxing/text-encoding@~0.9.0":
  version "0.9.0"
  resolved "https://registry.yarnpkg.com/@zxing/text-encoding/-/text-encoding-0.9.0.tgz#fb50ffabc6c7c66a0c96b4c03e3d9be74864b70b"
  integrity sha512-U/4aVJ2mxI0aDNI8Uq0wEhMgY+u4CNtEb0om3+y3+niDAsoTCOB33UF0sxpzqzdqXLqmvc+vZyAt4O8pPdfkwA==

ts-custom-error@^3.2.1:
  version "3.3.1"
  resolved "https://registry.yarnpkg.com/ts-custom-error/-/ts-custom-error-3.3.1.tgz#8bd3c8fc6b8dc8e1cb329267c45200f1e17a65d1"
  integrity sha512-5OX1tzOjxWEgsr/YEUWSuPrQ00deKLh6D7OTWcvNHm12/7QPyRh8SYpyWvA4IZv8H/+GQWQEh/kwo95Q9OVW1A==
